
Microsoft Visual Studio Solution File, Format Version 12.00
# Visual Studio Version 17
VisualStudioVersion = 17.14.36408.4 d17.14
MinimumVisualStudioVersion = 10.0.40219.1
Project("{FAE04EC0-301F-11D3-BF4B-00C04F79EFBC}") = "NilveraOdev", "NilveraOdev.csproj", "{CED0B970-AA5B-4424-B484-7AE7CCC68FDB}"
EndProject
Global
	GlobalSection(SolutionConfigurationPlatforms) = preSolution
		Debug|Any CPU = Debug|Any CPU
		Release|Any CPU = Release|Any CPU
	EndGlobalSection
	GlobalSection(ProjectConfigurationPlatforms) = postSolution
		{CED0B970-AA5B-4424-B484-7AE7CCC68FDB}.Debug|Any CPU.ActiveCfg = Debug|Any CPU
		{CED0B970-AA5B-4424-B484-7AE7CCC68FDB}.Debug|Any CPU.Build.0 = Debug|Any CPU
		{CED0B970-AA5B-4424-B484-7AE7CCC68FDB}.Release|Any CPU.ActiveCfg = Release|Any CPU
		{CED0B970-AA5B-4424-B484-7AE7CCC68FDB}.Release|Any CPU.Build.0 = Release|Any CPU
	EndGlobalSection
	GlobalSection(SolutionProperties) = preSolution
		HideSolutionNode = FALSE
	EndGlobalSection
	GlobalSection(ExtensibilityGlobals) = postSolution
		SolutionGuid = {E135D8FF-593E-4BE3-87C2-7CE63BAF9B69}
	EndGlobalSection
EndGlobal
